<?xml version="1.0" encoding="utf-8"?>
<Project ToolsVersion="4.0" xmlns="http://schemas.microsoft.com/developer/msbuild/2003">
  <ItemGroup>
    <ClCompile Include="SpatioTemporalSM.cpp" />
    <ClCompile Include="MultiViewShadowMap.cpp">
      <Filter>MultiViewShadowMap</Filter>
    </ClCompile>
    <ClCompile Include="TemporalReuse.cpp">
      <Filter>TemporalReuse</Filter>
    </ClCompile>
    <ClCompile Include="BilateralFilter.cpp">
      <Filter>BilateralFilter</Filter>
    </ClCompile>
    <ClCompile Include="CalculateVisibility.cpp">
      <Filter>CalculateVisibility</Filter>
    </ClCompile>
  </ItemGroup>
  <ItemGroup>
    <ClInclude Include="MultiViewShadowMap.h">
      <Filter>MultiViewShadowMap</Filter>
    </ClInclude>
    <ClInclude Include="TemporalReuse.h">
      <Filter>TemporalReuse</Filter>
    </ClInclude>
    <ClInclude Include="BilateralFilter.h">
      <Filter>BilateralFilter</Filter>
    </ClInclude>
    <ClInclude Include="CalculateVisibility.h">
      <Filter>CalculateVisibility</Filter>
    </ClInclude>
  </ItemGroup>
  <ItemGroup>
    <ShaderSource Include="ShadowPass.cs.slang">
      <Filter>MultiViewShadowMap</Filter>
    </ShaderSource>
    <ShaderSource Include="VTemporalReuse.ps.slang">
      <Filter>TemporalReuse</Filter>
    </ShaderSource>
    <ShaderSource Include="BilateralFilter.ps.slang">
      <Filter>BilateralFilter</Filter>
    </ShaderSource>
    <ShaderSource Include="PointGenerationPass.slang">
      <Filter>MultiViewShadowMap</Filter>
    </ShaderSource>
    <ShaderSource Include="ShadowMapConstant.slangh">
      <Filter>MultiViewShadowMap</Filter>
    </ShaderSource>
    <ShaderSource Include="VisibilityPass.ps.slang">
      <Filter>CalculateVisibility</Filter>
    </ShaderSource>
  </ItemGroup>
  <ItemGroup>
    <Filter Include="TemporalReuse">
      <UniqueIdentifier>{8f8edea1-cfc3-4b20-9f21-b77bb0f45362}</UniqueIdentifier>
    </Filter>
    <Filter Include="MultiViewShadowMap">
      <UniqueIdentifier>{f8f753f2-6daf-4795-a361-431354030f8c}</UniqueIdentifier>
    </Filter>
    <Filter Include="BilateralFilter">
      <UniqueIdentifier>{0ca764eb-715d-446f-8b2e-7d35c8904333}</UniqueIdentifier>
    </Filter>
    <Filter Include="CalculateVisibility">
      <UniqueIdentifier>{82e77ba7-8674-4e9f-b437-f28b5753b3e0}</UniqueIdentifier>
    </Filter>
  </ItemGroup>
</Project>