<?xml version="1.0" encoding="utf-8"?>
<Project ToolsVersion="4.0" xmlns="http://schemas.microsoft.com/developer/msbuild/2003">
  <ItemGroup>
    <ClCompile Include="SpatioTemporalSM.cpp" />
    <ClCompile Include="MultiViewShadowMapBase.cpp">
      <Filter>MultiViewShadowMap</Filter>
    </ClCompile>
    <ClCompile Include="TemporalReuse.cpp">
      <Filter>TemporalReuse</Filter>
    </ClCompile>
    <ClCompile Include="BilateralFilter.cpp">
      <Filter>BilateralFilter</Filter>
    </ClCompile>
    <ClCompile Include="CalculateVisibility.cpp">
      <Filter>CalculateVisibility</Filter>
    </ClCompile>
    <ClCompile Include="MultiViewShadowMapViewWarp.cpp">
      <Filter>MultiViewShadowMap\ViewWarp</Filter>
    </ClCompile>
    <ClCompile Include="MultiViewShadowMapRasterize.cpp">
      <Filter>MultiViewShadowMap\Rasterize</Filter>
    </ClCompile>
    <ClCompile Include="CSampleGenerator.cpp">
      <Filter>MultiViewShadowMap</Filter>
    </ClCompile>
    <ClCompile Include="ShadowMapSelector.cpp">
      <Filter>ShadowMapSelector</Filter>
    </ClCompile>
    <ClCompile Include="ShadowMapSelectorDefines.h">
      <Filter>ShadowMapSelector</Filter>
    </ClCompile>
    <ClCompile Include="ReuseFactorEstimation.cpp">
      <Filter>ReuseFactorEstimation</Filter>
    </ClCompile>
    <ClCompile Include="PassParams.cpp" />
  </ItemGroup>
  <ItemGroup>
    <ClInclude Include="MultiViewShadowMapBase.h">
      <Filter>MultiViewShadowMap</Filter>
    </ClInclude>
    <ClInclude Include="TemporalReuse.h">
      <Filter>TemporalReuse</Filter>
    </ClInclude>
    <ClInclude Include="BilateralFilter.h">
      <Filter>BilateralFilter</Filter>
    </ClInclude>
    <ClInclude Include="CalculateVisibility.h">
      <Filter>CalculateVisibility</Filter>
    </ClInclude>
    <ClInclude Include="MultiViewShadowMapViewWarp.h">
      <Filter>MultiViewShadowMap\ViewWarp</Filter>
    </ClInclude>
    <ClInclude Include="MultiViewShadowMapRasterize.h">
      <Filter>MultiViewShadowMap\Rasterize</Filter>
    </ClInclude>
    <ClInclude Include="CSampleGenerator.h">
      <Filter>MultiViewShadowMap</Filter>
    </ClInclude>
    <ClInclude Include="ShadowMapSelector.h">
      <Filter>ShadowMapSelector</Filter>
    </ClInclude>
    <ClInclude Include="ShadowMapDefines.h">
      <Filter>MultiViewShadowMap</Filter>
    </ClInclude>
    <ClInclude Include="ReuseFactorEstimation.h">
      <Filter>ReuseFactorEstimation</Filter>
    </ClInclude>
    <ClInclude Include="PassParams.h" />
    <ClInclude Include="Reuse.h" />
  </ItemGroup>
  <ItemGroup>
    <ShaderSource Include="VTemporalReuse.ps.slang">
      <Filter>TemporalReuse</Filter>
    </ShaderSource>
    <ShaderSource Include="BilateralFilter.ps.slang">
      <Filter>BilateralFilter</Filter>
    </ShaderSource>
    <ShaderSource Include="ShadowMapConstant.slangh">
      <Filter>MultiViewShadowMap</Filter>
    </ShaderSource>
    <ShaderSource Include="VisibilityPass.ps.slang">
      <Filter>CalculateVisibility</Filter>
    </ShaderSource>
    <ShaderSource Include="ShadowPass.ps.slang">
      <Filter>MultiViewShadowMap\Rasterize</Filter>
    </ShaderSource>
    <ShaderSource Include="ShadowPass.cs.slang">
      <Filter>MultiViewShadowMap\ViewWarp</Filter>
    </ShaderSource>
    <ShaderSource Include="PointGenerationPass.slang">
      <Filter>MultiViewShadowMap\ViewWarp</Filter>
    </ShaderSource>
    <ShaderSource Include="Unpack.ps.slang">
      <Filter>MultiViewShadowMap\ViewWarp</Filter>
    </ShaderSource>
    <ShaderSource Include="BilateralFilter.cs.slang">
      <Filter>BilateralFilter</Filter>
    </ShaderSource>
    <ShaderSource Include="BilateralFilterConstants.slangh">
      <Filter>BilateralFilter</Filter>
    </ShaderSource>
    <ShaderSource Include="BilateralFilterCommon.slang">
      <Filter>BilateralFilter</Filter>
    </ShaderSource>
    <ShaderSource Include="ReuseFactorEstimation.ps.slang">
      <Filter>ReuseFactorEstimation</Filter>
    </ShaderSource>
    <ShaderSource Include="ReuseFactorEstimationConstant.slangh">
      <Filter>ReuseFactorEstimation</Filter>
    </ShaderSource>
    <ShaderSource Include="CalcVarOfVar.ps.slang">
      <Filter>ReuseFactorEstimation</Filter>
    </ShaderSource>
    <ShaderSource Include="CommonFilter.ps.slang">
      <Filter>ReuseFactorEstimation</Filter>
    </ShaderSource>
    <ShaderSource Include="CommonAdaptiveAlphaTemporalReuse.ps.slang">
      <Filter>ReuseFactorEstimation</Filter>
    </ShaderSource>
    <ShaderSource Include="CommonMap.ps.slang">
      <Filter>ReuseFactorEstimation</Filter>
    </ShaderSource>
    <ShaderSource Include="BlendAlpha.slang" />
    <ShaderSource Include="CommonFixedAlphaTemporalReuse.ps.slang">
      <Filter>ReuseFactorEstimation</Filter>
    </ShaderSource>
    <ShaderSource Include="Discard.slang" />
    <ShaderSource Include="Reuse.slang" />
  </ItemGroup>
  <ItemGroup>
    <Filter Include="TemporalReuse">
      <UniqueIdentifier>{8f8edea1-cfc3-4b20-9f21-b77bb0f45362}</UniqueIdentifier>
    </Filter>
    <Filter Include="MultiViewShadowMap">
      <UniqueIdentifier>{f8f753f2-6daf-4795-a361-431354030f8c}</UniqueIdentifier>
    </Filter>
    <Filter Include="BilateralFilter">
      <UniqueIdentifier>{0ca764eb-715d-446f-8b2e-7d35c8904333}</UniqueIdentifier>
    </Filter>
    <Filter Include="CalculateVisibility">
      <UniqueIdentifier>{82e77ba7-8674-4e9f-b437-f28b5753b3e0}</UniqueIdentifier>
    </Filter>
    <Filter Include="MultiViewShadowMap\Rasterize">
      <UniqueIdentifier>{252a24de-00ef-481d-995c-6ca2c7b511b3}</UniqueIdentifier>
    </Filter>
    <Filter Include="ShadowMapSelector">
      <UniqueIdentifier>{3a489924-4951-4ec0-99e0-6f07c5e43e0f}</UniqueIdentifier>
    </Filter>
    <Filter Include="MultiViewShadowMap\ViewWarp">
      <UniqueIdentifier>{001bc734-1c81-49ad-a746-1cd170f8595b}</UniqueIdentifier>
    </Filter>
    <Filter Include="ReuseFactorEstimation">
      <UniqueIdentifier>{b856b084-bddd-45d8-b238-a9e6c608c7b2}</UniqueIdentifier>
    </Filter>
  </ItemGroup>
</Project>